// !$*UTF8*$!
{
	archiveVersion = 1;
	classes = {
	};
	objectVersion = 51;
	objects = {

/* Begin PBXBuildFile section */
		0564281122C9B8F800455D53 /* UINavigationController+Addition.swift in Sources */ = {isa = PBXBuildFile; fileRef = 0564281022C9B8F800455D53 /* UINavigationController+Addition.swift */; };
		0D020346235CA96C0044745B /* RecordingViewController.swift in Sources */ = {isa = PBXBuildFile; fileRef = 0D020344235CA96C0044745B /* RecordingViewController.swift */; };
		0D020347235CA96C0044745B /* RecordingViewController.xib in Resources */ = {isa = PBXBuildFile; fileRef = 0D020345235CA96C0044745B /* RecordingViewController.xib */; };
		0D020349235CA98F0044745B /* RecordingPresentor.swift in Sources */ = {isa = PBXBuildFile; fileRef = 0D020348235CA98F0044745B /* RecordingPresentor.swift */; };
		0D02034B235CA9C80044745B /* RecordingModel.swift in Sources */ = {isa = PBXBuildFile; fileRef = 0D02034A235CA9C80044745B /* RecordingModel.swift */; };
		0D582A1022C381F0009BFC1A /* RubiViewController.swift in Sources */ = {isa = PBXBuildFile; fileRef = 0D582A0E22C381F0009BFC1A /* RubiViewController.swift */; };
		0D582A1122C381F0009BFC1A /* RubiViewController.xib in Resources */ = {isa = PBXBuildFile; fileRef = 0D582A0F22C381F0009BFC1A /* RubiViewController.xib */; };
		0D582A1322C3833B009BFC1A /* RubiPresenter.swift in Sources */ = {isa = PBXBuildFile; fileRef = 0D582A1222C3833B009BFC1A /* RubiPresenter.swift */; };
		0D582A1522C3836F009BFC1A /* RubiModel.swift in Sources */ = {isa = PBXBuildFile; fileRef = 0D582A1422C3836F009BFC1A /* RubiModel.swift */; };
		0D582A1722C4E2EC009BFC1A /* Constant.swift in Sources */ = {isa = PBXBuildFile; fileRef = 0D582A1622C4E2EC009BFC1A /* Constant.swift */; };
		0D582A1922C4E5EE009BFC1A /* Rubi.swift in Sources */ = {isa = PBXBuildFile; fileRef = 0D582A1822C4E5EE009BFC1A /* Rubi.swift */; };
		0D582A1D22C505D1009BFC1A /* RubiTableViewCell.swift in Sources */ = {isa = PBXBuildFile; fileRef = 0D582A1B22C505D1009BFC1A /* RubiTableViewCell.swift */; };
		0D582A1E22C505D1009BFC1A /* RubiTableViewCell.xib in Resources */ = {isa = PBXBuildFile; fileRef = 0D582A1C22C505D1009BFC1A /* RubiTableViewCell.xib */; };
		0D582A2122C50787009BFC1A /* UITableView+Addition.swift in Sources */ = {isa = PBXBuildFile; fileRef = 0D582A2022C50787009BFC1A /* UITableView+Addition.swift */; };
		0D582A2322C507E1009BFC1A /* NSObject+Addition.swift in Sources */ = {isa = PBXBuildFile; fileRef = 0D582A2222C507E1009BFC1A /* NSObject+Addition.swift */; };
		0D582A2622C6667D009BFC1A /* TabController.swift in Sources */ = {isa = PBXBuildFile; fileRef = 0D582A2522C6667D009BFC1A /* TabController.swift */; };
		0D582A2A22C666C5009BFC1A /* FavoriteViewController.swift in Sources */ = {isa = PBXBuildFile; fileRef = 0D582A2822C666C5009BFC1A /* FavoriteViewController.swift */; };
		0D582A2B22C666C5009BFC1A /* FavoriteViewController.xib in Resources */ = {isa = PBXBuildFile; fileRef = 0D582A2922C666C5009BFC1A /* FavoriteViewController.xib */; };
		0D582A2F22C7650F009BFC1A /* Swift+Addition.swift in Sources */ = {isa = PBXBuildFile; fileRef = 0D582A2E22C7650F009BFC1A /* Swift+Addition.swift */; };
		0D582A3122C79B24009BFC1A /* FavoritePresenter.swift in Sources */ = {isa = PBXBuildFile; fileRef = 0D582A3022C79B24009BFC1A /* FavoritePresenter.swift */; };
		0D582A3322C79B30009BFC1A /* FavoriteModel.swift in Sources */ = {isa = PBXBuildFile; fileRef = 0D582A3222C79B2F009BFC1A /* FavoriteModel.swift */; };
		0D582A3522C86D06009BFC1A /* UIViewController+Addition.swift in Sources */ = {isa = PBXBuildFile; fileRef = 0D582A3422C86D06009BFC1A /* UIViewController+Addition.swift */; };
		0D622EC52363F75F00BCEB08 /* ImageRecognitionPresentor.swift in Sources */ = {isa = PBXBuildFile; fileRef = 0D622EC42363F75F00BCEB08 /* ImageRecognitionPresentor.swift */; };
		0D68318F235E958F007858CD /* microphone.json in Resources */ = {isa = PBXBuildFile; fileRef = 0D68318E235E958F007858CD /* microphone.json */; };
		0D68C31522C3810300FD6CA9 /* AppDelegate.swift in Sources */ = {isa = PBXBuildFile; fileRef = 0D68C31422C3810300FD6CA9 /* AppDelegate.swift */; };
		0D68C31A22C3810300FD6CA9 /* Main.storyboard in Resources */ = {isa = PBXBuildFile; fileRef = 0D68C31822C3810300FD6CA9 /* Main.storyboard */; };
		0D68C31C22C3810600FD6CA9 /* Assets.xcassets in Resources */ = {isa = PBXBuildFile; fileRef = 0D68C31B22C3810500FD6CA9 /* Assets.xcassets */; };
		0D68C31F22C3810600FD6CA9 /* LaunchScreen.storyboard in Resources */ = {isa = PBXBuildFile; fileRef = 0D68C31D22C3810600FD6CA9 /* LaunchScreen.storyboard */; };
		0D68C32A22C3810600FD6CA9 /* RubiTests.swift in Sources */ = {isa = PBXBuildFile; fileRef = 0D68C32922C3810600FD6CA9 /* RubiTests.swift */; };
		0D68C33522C3810600FD6CA9 /* RubiUITests.swift in Sources */ = {isa = PBXBuildFile; fileRef = 0D68C33422C3810600FD6CA9 /* RubiUITests.swift */; };
		0D925817235E8CE100B7A728 /* lo.json in Resources */ = {isa = PBXBuildFile; fileRef = 0D925816235E8CE100B7A728 /* lo.json */; };
		0DB9E028235F55E800CF6004 /* ImageRecognitionViewController.swift in Sources */ = {isa = PBXBuildFile; fileRef = 0DB9E026235F55E800CF6004 /* ImageRecognitionViewController.swift */; };
		0DB9E029235F55E800CF6004 /* ImageRecognitionViewController.xib in Resources */ = {isa = PBXBuildFile; fileRef = 0DB9E027235F55E800CF6004 /* ImageRecognitionViewController.xib */; };
		0DB9E02D235F572900CF6004 /* HandritingRecognitionViewController.swift in Sources */ = {isa = PBXBuildFile; fileRef = 0DB9E02B235F572900CF6004 /* HandritingRecognitionViewController.swift */; };
		0DB9E02E235F572900CF6004 /* HandritingRecognitionViewController.xib in Resources */ = {isa = PBXBuildFile; fileRef = 0DB9E02C235F572900CF6004 /* HandritingRecognitionViewController.xib */; };
		49AD8BCF236425C500217869 /* ImageRecognitionModel.swift in Sources */ = {isa = PBXBuildFile; fileRef = 49AD8BCE236425C500217869 /* ImageRecognitionModel.swift */; };
		49AD8BD1236426D000217869 /* tessdata in Resources */ = {isa = PBXBuildFile; fileRef = 49AD8BD0236426D000217869 /* tessdata */; };
		49AD8BD9236429E000217869 /* RubiEntity.swift in Sources */ = {isa = PBXBuildFile; fileRef = 49AD8BD8236429E000217869 /* RubiEntity.swift */; };
		49AD8BDB23642A2A00217869 /* Utils.swift in Sources */ = {isa = PBXBuildFile; fileRef = 49AD8BDA23642A2A00217869 /* Utils.swift */; };
		563A9D574A29B90338B5ABC9 /* Pods_Rubi.framework in Frameworks */ = {isa = PBXBuildFile; fileRef = 8A8E7DA347C022B96B0E15A4 /* Pods_Rubi.framework */; };
		6C106C22803B9E1EC2A9D68B /* Pods_RubiTests.framework in Frameworks */ = {isa = PBXBuildFile; fileRef = FC7FB142BB07C16901DA799D /* Pods_RubiTests.framework */; };
		F6BAD6B0EA9401E58ED4A8AD /* Pods_RubiUITests.framework in Frameworks */ = {isa = PBXBuildFile; fileRef = 5135AADC409D88BD91F27F3A /* Pods_RubiUITests.framework */; };
/* End PBXBuildFile section */

/* Begin PBXContainerItemProxy section */
		0D68C32622C3810600FD6CA9 /* PBXContainerItemProxy */ = {
			isa = PBXContainerItemProxy;
			containerPortal = 0D68C30922C3810300FD6CA9 /* Project object */;
			proxyType = 1;
			remoteGlobalIDString = 0D68C31022C3810300FD6CA9;
			remoteInfo = Rubi;
		};
		0D68C33122C3810600FD6CA9 /* PBXContainerItemProxy */ = {
			isa = PBXContainerItemProxy;
			containerPortal = 0D68C30922C3810300FD6CA9 /* Project object */;
			proxyType = 1;
			remoteGlobalIDString = 0D68C31022C3810300FD6CA9;
			remoteInfo = Rubi;
		};
/* End PBXContainerItemProxy section */

/* Begin PBXFileReference section */
		039EAE578B83F98C2E14DE86 /* Pods-RubiTests.release.xcconfig */ = {isa = PBXFileReference; includeInIndex = 1; lastKnownFileType = text.xcconfig; name = "Pods-RubiTests.release.xcconfig"; path = "Target Support Files/Pods-RubiTests/Pods-RubiTests.release.xcconfig"; sourceTree = "<group>"; };
		0564281022C9B8F800455D53 /* UINavigationController+Addition.swift */ = {isa = PBXFileReference; lastKnownFileType = sourcecode.swift; path = "UINavigationController+Addition.swift"; sourceTree = "<group>"; };
		0D020344235CA96C0044745B /* RecordingViewController.swift */ = {isa = PBXFileReference; lastKnownFileType = sourcecode.swift; path = RecordingViewController.swift; sourceTree = "<group>"; };
		0D020345235CA96C0044745B /* RecordingViewController.xib */ = {isa = PBXFileReference; lastKnownFileType = file.xib; path = RecordingViewController.xib; sourceTree = "<group>"; };
		0D020348235CA98F0044745B /* RecordingPresentor.swift */ = {isa = PBXFileReference; lastKnownFileType = sourcecode.swift; path = RecordingPresentor.swift; sourceTree = "<group>"; };
		0D02034A235CA9C80044745B /* RecordingModel.swift */ = {isa = PBXFileReference; lastKnownFileType = sourcecode.swift; path = RecordingModel.swift; sourceTree = "<group>"; };
		0D582A0E22C381F0009BFC1A /* RubiViewController.swift */ = {isa = PBXFileReference; lastKnownFileType = sourcecode.swift; path = RubiViewController.swift; sourceTree = "<group>"; };
		0D582A0F22C381F0009BFC1A /* RubiViewController.xib */ = {isa = PBXFileReference; lastKnownFileType = file.xib; path = RubiViewController.xib; sourceTree = "<group>"; };
		0D582A1222C3833B009BFC1A /* RubiPresenter.swift */ = {isa = PBXFileReference; lastKnownFileType = sourcecode.swift; path = RubiPresenter.swift; sourceTree = "<group>"; };
		0D582A1422C3836F009BFC1A /* RubiModel.swift */ = {isa = PBXFileReference; lastKnownFileType = sourcecode.swift; path = RubiModel.swift; sourceTree = "<group>"; };
		0D582A1622C4E2EC009BFC1A /* Constant.swift */ = {isa = PBXFileReference; lastKnownFileType = sourcecode.swift; path = Constant.swift; sourceTree = "<group>"; };
		0D582A1822C4E5EE009BFC1A /* Rubi.swift */ = {isa = PBXFileReference; lastKnownFileType = sourcecode.swift; path = Rubi.swift; sourceTree = "<group>"; };
		0D582A1B22C505D1009BFC1A /* RubiTableViewCell.swift */ = {isa = PBXFileReference; lastKnownFileType = sourcecode.swift; path = RubiTableViewCell.swift; sourceTree = "<group>"; };
		0D582A1C22C505D1009BFC1A /* RubiTableViewCell.xib */ = {isa = PBXFileReference; lastKnownFileType = file.xib; path = RubiTableViewCell.xib; sourceTree = "<group>"; };
		0D582A2022C50787009BFC1A /* UITableView+Addition.swift */ = {isa = PBXFileReference; lastKnownFileType = sourcecode.swift; path = "UITableView+Addition.swift"; sourceTree = "<group>"; };
		0D582A2222C507E1009BFC1A /* NSObject+Addition.swift */ = {isa = PBXFileReference; lastKnownFileType = sourcecode.swift; path = "NSObject+Addition.swift"; sourceTree = "<group>"; };
		0D582A2522C6667D009BFC1A /* TabController.swift */ = {isa = PBXFileReference; lastKnownFileType = sourcecode.swift; path = TabController.swift; sourceTree = "<group>"; };
		0D582A2822C666C5009BFC1A /* FavoriteViewController.swift */ = {isa = PBXFileReference; lastKnownFileType = sourcecode.swift; path = FavoriteViewController.swift; sourceTree = "<group>"; };
		0D582A2922C666C5009BFC1A /* FavoriteViewController.xib */ = {isa = PBXFileReference; lastKnownFileType = file.xib; path = FavoriteViewController.xib; sourceTree = "<group>"; };
		0D582A2E22C7650F009BFC1A /* Swift+Addition.swift */ = {isa = PBXFileReference; lastKnownFileType = sourcecode.swift; path = "Swift+Addition.swift"; sourceTree = "<group>"; };
		0D582A3022C79B24009BFC1A /* FavoritePresenter.swift */ = {isa = PBXFileReference; lastKnownFileType = sourcecode.swift; path = FavoritePresenter.swift; sourceTree = "<group>"; };
		0D582A3222C79B2F009BFC1A /* FavoriteModel.swift */ = {isa = PBXFileReference; lastKnownFileType = sourcecode.swift; path = FavoriteModel.swift; sourceTree = "<group>"; };
		0D582A3422C86D06009BFC1A /* UIViewController+Addition.swift */ = {isa = PBXFileReference; lastKnownFileType = sourcecode.swift; path = "UIViewController+Addition.swift"; sourceTree = "<group>"; };
		0D622EC42363F75F00BCEB08 /* ImageRecognitionPresentor.swift */ = {isa = PBXFileReference; lastKnownFileType = sourcecode.swift; path = ImageRecognitionPresentor.swift; sourceTree = "<group>"; };
		0D68318E235E958F007858CD /* microphone.json */ = {isa = PBXFileReference; fileEncoding = 4; lastKnownFileType = text.json; path = microphone.json; sourceTree = "<group>"; };
		0D68C31122C3810300FD6CA9 /* Rubi.app */ = {isa = PBXFileReference; explicitFileType = wrapper.application; includeInIndex = 0; path = Rubi.app; sourceTree = BUILT_PRODUCTS_DIR; };
		0D68C31422C3810300FD6CA9 /* AppDelegate.swift */ = {isa = PBXFileReference; lastKnownFileType = sourcecode.swift; path = AppDelegate.swift; sourceTree = "<group>"; };
		0D68C31922C3810300FD6CA9 /* Base */ = {isa = PBXFileReference; lastKnownFileType = file.storyboard; name = Base; path = Base.lproj/Main.storyboard; sourceTree = "<group>"; };
		0D68C31B22C3810500FD6CA9 /* Assets.xcassets */ = {isa = PBXFileReference; lastKnownFileType = folder.assetcatalog; path = Assets.xcassets; sourceTree = "<group>"; };
		0D68C31E22C3810600FD6CA9 /* Base */ = {isa = PBXFileReference; lastKnownFileType = file.storyboard; name = Base; path = Base.lproj/LaunchScreen.storyboard; sourceTree = "<group>"; };
		0D68C32022C3810600FD6CA9 /* Info.plist */ = {isa = PBXFileReference; lastKnownFileType = text.plist.xml; path = Info.plist; sourceTree = "<group>"; };
		0D68C32522C3810600FD6CA9 /* RubiTests.xctest */ = {isa = PBXFileReference; explicitFileType = wrapper.cfbundle; includeInIndex = 0; path = RubiTests.xctest; sourceTree = BUILT_PRODUCTS_DIR; };
		0D68C32922C3810600FD6CA9 /* RubiTests.swift */ = {isa = PBXFileReference; lastKnownFileType = sourcecode.swift; path = RubiTests.swift; sourceTree = "<group>"; };
		0D68C32B22C3810600FD6CA9 /* Info.plist */ = {isa = PBXFileReference; lastKnownFileType = text.plist.xml; path = Info.plist; sourceTree = "<group>"; };
		0D68C33022C3810600FD6CA9 /* RubiUITests.xctest */ = {isa = PBXFileReference; explicitFileType = wrapper.cfbundle; includeInIndex = 0; path = RubiUITests.xctest; sourceTree = BUILT_PRODUCTS_DIR; };
		0D68C33422C3810600FD6CA9 /* RubiUITests.swift */ = {isa = PBXFileReference; lastKnownFileType = sourcecode.swift; path = RubiUITests.swift; sourceTree = "<group>"; };
		0D68C33622C3810600FD6CA9 /* Info.plist */ = {isa = PBXFileReference; lastKnownFileType = text.plist.xml; path = Info.plist; sourceTree = "<group>"; };
		0D925816235E8CE100B7A728 /* lo.json */ = {isa = PBXFileReference; fileEncoding = 4; lastKnownFileType = text.json; path = lo.json; sourceTree = "<group>"; };
		0DB9E026235F55E800CF6004 /* ImageRecognitionViewController.swift */ = {isa = PBXFileReference; lastKnownFileType = sourcecode.swift; path = ImageRecognitionViewController.swift; sourceTree = "<group>"; };
		0DB9E027235F55E800CF6004 /* ImageRecognitionViewController.xib */ = {isa = PBXFileReference; lastKnownFileType = file.xib; path = ImageRecognitionViewController.xib; sourceTree = "<group>"; };
		0DB9E02B235F572900CF6004 /* HandritingRecognitionViewController.swift */ = {isa = PBXFileReference; lastKnownFileType = sourcecode.swift; path = HandritingRecognitionViewController.swift; sourceTree = "<group>"; };
		0DB9E02C235F572900CF6004 /* HandritingRecognitionViewController.xib */ = {isa = PBXFileReference; lastKnownFileType = file.xib; path = HandritingRecognitionViewController.xib; sourceTree = "<group>"; };
		38451C233303D432530ED683 /* Pods-RubiUITests.release.xcconfig */ = {isa = PBXFileReference; includeInIndex = 1; lastKnownFileType = text.xcconfig; name = "Pods-RubiUITests.release.xcconfig"; path = "Target Support Files/Pods-RubiUITests/Pods-RubiUITests.release.xcconfig"; sourceTree = "<group>"; };
		49AD8BCE236425C500217869 /* ImageRecognitionModel.swift */ = {isa = PBXFileReference; fileEncoding = 4; lastKnownFileType = sourcecode.swift; name = ImageRecognitionModel.swift; path = Rubi/RubiView/HandwriteingRecognition/ImageRecognitionModel.swift; sourceTree = SOURCE_ROOT; };
		49AD8BD0236426D000217869 /* tessdata */ = {isa = PBXFileReference; lastKnownFileType = folder; path = tessdata; sourceTree = "<group>"; };
		49AD8BD8236429E000217869 /* RubiEntity.swift */ = {isa = PBXFileReference; fileEncoding = 4; lastKnownFileType = sourcecode.swift; path = RubiEntity.swift; sourceTree = "<group>"; };
		49AD8BDA23642A2A00217869 /* Utils.swift */ = {isa = PBXFileReference; fileEncoding = 4; lastKnownFileType = sourcecode.swift; path = Utils.swift; sourceTree = "<group>"; };
		5135AADC409D88BD91F27F3A /* Pods_RubiUITests.framework */ = {isa = PBXFileReference; explicitFileType = wrapper.framework; includeInIndex = 0; path = Pods_RubiUITests.framework; sourceTree = BUILT_PRODUCTS_DIR; };
		6173FB8953D2CF1D8ADE6044 /* Pods-Rubi.debug.xcconfig */ = {isa = PBXFileReference; includeInIndex = 1; lastKnownFileType = text.xcconfig; name = "Pods-Rubi.debug.xcconfig"; path = "Target Support Files/Pods-Rubi/Pods-Rubi.debug.xcconfig"; sourceTree = "<group>"; };
		7822E0F232AF4D97D5B06BC1 /* Pods-Rubi.release.xcconfig */ = {isa = PBXFileReference; includeInIndex = 1; lastKnownFileType = text.xcconfig; name = "Pods-Rubi.release.xcconfig"; path = "Target Support Files/Pods-Rubi/Pods-Rubi.release.xcconfig"; sourceTree = "<group>"; };
		8A8E7DA347C022B96B0E15A4 /* Pods_Rubi.framework */ = {isa = PBXFileReference; explicitFileType = wrapper.framework; includeInIndex = 0; path = Pods_Rubi.framework; sourceTree = BUILT_PRODUCTS_DIR; };
		969CB13EFC639FDF6CDD697F /* Pods-RubiUITests.debug.xcconfig */ = {isa = PBXFileReference; includeInIndex = 1; lastKnownFileType = text.xcconfig; name = "Pods-RubiUITests.debug.xcconfig"; path = "Target Support Files/Pods-RubiUITests/Pods-RubiUITests.debug.xcconfig"; sourceTree = "<group>"; };
		FC7FB142BB07C16901DA799D /* Pods_RubiTests.framework */ = {isa = PBXFileReference; explicitFileType = wrapper.framework; includeInIndex = 0; path = Pods_RubiTests.framework; sourceTree = BUILT_PRODUCTS_DIR; };
		FF344368CE5582330328A205 /* Pods-RubiTests.debug.xcconfig */ = {isa = PBXFileReference; includeInIndex = 1; lastKnownFileType = text.xcconfig; name = "Pods-RubiTests.debug.xcconfig"; path = "Target Support Files/Pods-RubiTests/Pods-RubiTests.debug.xcconfig"; sourceTree = "<group>"; };
/* End PBXFileReference section */

/* Begin PBXFrameworksBuildPhase section */
		0D68C30E22C3810300FD6CA9 /* Frameworks */ = {
			isa = PBXFrameworksBuildPhase;
			buildActionMask = 2147483647;
			files = (
				563A9D574A29B90338B5ABC9 /* Pods_Rubi.framework in Frameworks */,
			);
			runOnlyForDeploymentPostprocessing = 0;
		};
		0D68C32222C3810600FD6CA9 /* Frameworks */ = {
			isa = PBXFrameworksBuildPhase;
			buildActionMask = 2147483647;
			files = (
				6C106C22803B9E1EC2A9D68B /* Pods_RubiTests.framework in Frameworks */,
			);
			runOnlyForDeploymentPostprocessing = 0;
		};
		0D68C32D22C3810600FD6CA9 /* Frameworks */ = {
			isa = PBXFrameworksBuildPhase;
			buildActionMask = 2147483647;
			files = (
				F6BAD6B0EA9401E58ED4A8AD /* Pods_RubiUITests.framework in Frameworks */,
			);
			runOnlyForDeploymentPostprocessing = 0;
		};
/* End PBXFrameworksBuildPhase section */

/* Begin PBXGroup section */
		0D020343235CA9540044745B /* Recording */ = {
			isa = PBXGroup;
			children = (
				0D020344235CA96C0044745B /* RecordingViewController.swift */,
				0D020345235CA96C0044745B /* RecordingViewController.xib */,
				0D020348235CA98F0044745B /* RecordingPresentor.swift */,
				0D02034A235CA9C80044745B /* RecordingModel.swift */,
			);
			path = Recording;
			sourceTree = "<group>";
		};
		0D582A1A22C4E611009BFC1A /* RubiView */ = {
			isa = PBXGroup;
			children = (
				0D582A0E22C381F0009BFC1A /* RubiViewController.swift */,
				0D582A0F22C381F0009BFC1A /* RubiViewController.xib */,
				0D582A1222C3833B009BFC1A /* RubiPresenter.swift */,
				49AD8BD8236429E000217869 /* RubiEntity.swift */,
				0D582A1422C3836F009BFC1A /* RubiModel.swift */,
				0DB9E02A235F570300CF6004 /* HandwriteingRecognition */,
				0DB9E025235F55AA00CF6004 /* ImageRecognition */,
				0D020343235CA9540044745B /* Recording */,
			);
			path = RubiView;
			sourceTree = "<group>";
		};
		0D582A1F22C50773009BFC1A /* Extension */ = {
			isa = PBXGroup;
			children = (
				0D582A3422C86D06009BFC1A /* UIViewController+Addition.swift */,
				0D582A2022C50787009BFC1A /* UITableView+Addition.swift */,
				0D582A2222C507E1009BFC1A /* NSObject+Addition.swift */,
				0D582A2E22C7650F009BFC1A /* Swift+Addition.swift */,
				0564281022C9B8F800455D53 /* UINavigationController+Addition.swift */,
			);
			path = Extension;
			sourceTree = "<group>";
		};
		0D582A2422C665A1009BFC1A /* RootTabBar */ = {
			isa = PBXGroup;
			children = (
				0D582A2522C6667D009BFC1A /* TabController.swift */,
			);
			path = RootTabBar;
			sourceTree = "<group>";
		};
		0D582A2722C66692009BFC1A /* Favorite */ = {
			isa = PBXGroup;
			children = (
				0D582A2822C666C5009BFC1A /* FavoriteViewController.swift */,
				0D582A2922C666C5009BFC1A /* FavoriteViewController.xib */,
				0D582A3022C79B24009BFC1A /* FavoritePresenter.swift */,
				0D582A3222C79B2F009BFC1A /* FavoriteModel.swift */,
			);
			path = Favorite;
			sourceTree = "<group>";
		};
		0D68C30822C3810300FD6CA9 = {
			isa = PBXGroup;
			children = (
				0D68C31322C3810300FD6CA9 /* Rubi */,
				0D68C32822C3810600FD6CA9 /* RubiTests */,
				0D68C33322C3810600FD6CA9 /* RubiUITests */,
				0D68C31222C3810300FD6CA9 /* Products */,
				F7944AA35B5F57966CC69D46 /* Pods */,
				1191C1BE1C780B4BEA6D9428 /* Frameworks */,
			);
			sourceTree = "<group>";
		};
		0D68C31222C3810300FD6CA9 /* Products */ = {
			isa = PBXGroup;
			children = (
				0D68C31122C3810300FD6CA9 /* Rubi.app */,
				0D68C32522C3810600FD6CA9 /* RubiTests.xctest */,
				0D68C33022C3810600FD6CA9 /* RubiUITests.xctest */,
			);
			name = Products;
			sourceTree = "<group>";
		};
		0D68C31322C3810300FD6CA9 /* Rubi */ = {
			isa = PBXGroup;
			children = (
				49AD8BD0236426D000217869 /* tessdata */,
				49AD8BDC23642A4300217869 /* Domain */,
				0D68C31422C3810300FD6CA9 /* AppDelegate.swift */,
				49AD8BDD23642A8800217869 /* Common */,
				0D582A1F22C50773009BFC1A /* Extension */,
				0D71684D22CB17CB00BF39BF /* CustomView */,
				0D582A2422C665A1009BFC1A /* RootTabBar */,
				0D582A2722C66692009BFC1A /* Favorite */,
				0D582A1A22C4E611009BFC1A /* RubiView */,
				49AD8BDE23642A9D00217869 /* Resource */,
				0D68C32022C3810600FD6CA9 /* Info.plist */,
			);
			path = Rubi;
			sourceTree = "<group>";
		};
		0D68C32822C3810600FD6CA9 /* RubiTests */ = {
			isa = PBXGroup;
			children = (
				0D68C32922C3810600FD6CA9 /* RubiTests.swift */,
				0D68C32B22C3810600FD6CA9 /* Info.plist */,
			);
			path = RubiTests;
			sourceTree = "<group>";
		};
		0D68C33322C3810600FD6CA9 /* RubiUITests */ = {
			isa = PBXGroup;
			children = (
				0D68C33422C3810600FD6CA9 /* RubiUITests.swift */,
				0D68C33622C3810600FD6CA9 /* Info.plist */,
			);
			path = RubiUITests;
			sourceTree = "<group>";
		};
		0D71684D22CB17CB00BF39BF /* CustomView */ = {
			isa = PBXGroup;
			children = (
				0D582A1B22C505D1009BFC1A /* RubiTableViewCell.swift */,
				0D582A1C22C505D1009BFC1A /* RubiTableViewCell.xib */,
			);
			path = CustomView;
			sourceTree = "<group>";
		};
		0DB9E025235F55AA00CF6004 /* ImageRecognition */ = {
			isa = PBXGroup;
			children = (
				0DB9E026235F55E800CF6004 /* ImageRecognitionViewController.swift */,
				0DB9E027235F55E800CF6004 /* ImageRecognitionViewController.xib */,
				0D622EC42363F75F00BCEB08 /* ImageRecognitionPresentor.swift */,
				49AD8BCE236425C500217869 /* ImageRecognitionModel.swift */,
			);
			path = ImageRecognition;
			sourceTree = "<group>";
		};
		0DB9E02A235F570300CF6004 /* HandwriteingRecognition */ = {
			isa = PBXGroup;
			children = (
				0DB9E02B235F572900CF6004 /* HandritingRecognitionViewController.swift */,
				0DB9E02C235F572900CF6004 /* HandritingRecognitionViewController.xib */,
			);
			path = HandwriteingRecognition;
			sourceTree = "<group>";
		};
		1191C1BE1C780B4BEA6D9428 /* Frameworks */ = {
			isa = PBXGroup;
			children = (
				8A8E7DA347C022B96B0E15A4 /* Pods_Rubi.framework */,
				FC7FB142BB07C16901DA799D /* Pods_RubiTests.framework */,
				5135AADC409D88BD91F27F3A /* Pods_RubiUITests.framework */,
			);
			name = Frameworks;
			sourceTree = "<group>";
		};
		49AD8BDC23642A4300217869 /* Domain */ = {
			isa = PBXGroup;
			children = (
				0D582A1822C4E5EE009BFC1A /* Rubi.swift */,
				49AD8BDA23642A2A00217869 /* Utils.swift */,
			);
			path = Domain;
			sourceTree = "<group>";
		};
		49AD8BDD23642A8800217869 /* Common */ = {
			isa = PBXGroup;
			children = (
				0D582A1622C4E2EC009BFC1A /* Constant.swift */,
			);
			path = Common;
			sourceTree = "<group>";
		};
		49AD8BDE23642A9D00217869 /* Resource */ = {
			isa = PBXGroup;
			children = (
				0D68C31822C3810300FD6CA9 /* Main.storyboard */,
				0D68C31D22C3810600FD6CA9 /* LaunchScreen.storyboard */,
				0D925816235E8CE100B7A728 /* lo.json */,
				0D68318E235E958F007858CD /* microphone.json */,
				0D68C31B22C3810500FD6CA9 /* Assets.xcassets */,
			);
			path = Resource;
			sourceTree = "<group>";
		};
		F7944AA35B5F57966CC69D46 /* Pods */ = {
			isa = PBXGroup;
			children = (
				6173FB8953D2CF1D8ADE6044 /* Pods-Rubi.debug.xcconfig */,
				7822E0F232AF4D97D5B06BC1 /* Pods-Rubi.release.xcconfig */,
				FF344368CE5582330328A205 /* Pods-RubiTests.debug.xcconfig */,
				039EAE578B83F98C2E14DE86 /* Pods-RubiTests.release.xcconfig */,
				969CB13EFC639FDF6CDD697F /* Pods-RubiUITests.debug.xcconfig */,
				38451C233303D432530ED683 /* Pods-RubiUITests.release.xcconfig */,
			);
			path = Pods;
			sourceTree = "<group>";
		};
/* End PBXGroup section */

/* Begin PBXNativeTarget section */
		0D68C31022C3810300FD6CA9 /* Rubi */ = {
			isa = PBXNativeTarget;
			buildConfigurationList = 0D68C33922C3810600FD6CA9 /* Build configuration list for PBXNativeTarget "Rubi" */;
			buildPhases = (
				B6E2D610FC38EBBE11384E3F /* [CP] Check Pods Manifest.lock */,
				0D68C30D22C3810300FD6CA9 /* Sources */,
				0D68C30E22C3810300FD6CA9 /* Frameworks */,
				0D68C30F22C3810300FD6CA9 /* Resources */,
				DF0A331952519317CEFB4763 /* [CP] Embed Pods Frameworks */,
			);
			buildRules = (
			);
			dependencies = (
			);
			name = Rubi;
			productName = Rubi;
			productReference = 0D68C31122C3810300FD6CA9 /* Rubi.app */;
			productType = "com.apple.product-type.application";
		};
		0D68C32422C3810600FD6CA9 /* RubiTests */ = {
			isa = PBXNativeTarget;
			buildConfigurationList = 0D68C33C22C3810600FD6CA9 /* Build configuration list for PBXNativeTarget "RubiTests" */;
			buildPhases = (
				9B33AB375C0729056432657E /* [CP] Check Pods Manifest.lock */,
				0D68C32122C3810600FD6CA9 /* Sources */,
				0D68C32222C3810600FD6CA9 /* Frameworks */,
				0D68C32322C3810600FD6CA9 /* Resources */,
			);
			buildRules = (
			);
			dependencies = (
				0D68C32722C3810600FD6CA9 /* PBXTargetDependency */,
			);
			name = RubiTests;
			productName = RubiTests;
			productReference = 0D68C32522C3810600FD6CA9 /* RubiTests.xctest */;
			productType = "com.apple.product-type.bundle.unit-test";
		};
		0D68C32F22C3810600FD6CA9 /* RubiUITests */ = {
			isa = PBXNativeTarget;
			buildConfigurationList = 0D68C33F22C3810600FD6CA9 /* Build configuration list for PBXNativeTarget "RubiUITests" */;
			buildPhases = (
				2202742663552DADA9DDCD93 /* [CP] Check Pods Manifest.lock */,
				0D68C32C22C3810600FD6CA9 /* Sources */,
				0D68C32D22C3810600FD6CA9 /* Frameworks */,
				0D68C32E22C3810600FD6CA9 /* Resources */,
			);
			buildRules = (
			);
			dependencies = (
				0D68C33222C3810600FD6CA9 /* PBXTargetDependency */,
			);
			name = RubiUITests;
			productName = RubiUITests;
			productReference = 0D68C33022C3810600FD6CA9 /* RubiUITests.xctest */;
			productType = "com.apple.product-type.bundle.ui-testing";
		};
/* End PBXNativeTarget section */

/* Begin PBXProject section */
		0D68C30922C3810300FD6CA9 /* Project object */ = {
			isa = PBXProject;
			attributes = {
				LastSwiftUpdateCheck = 1020;
				LastUpgradeCheck = 1020;
				ORGANIZATIONNAME = "佐川晴海";
				TargetAttributes = {
					0D68C31022C3810300FD6CA9 = {
						CreatedOnToolsVersion = 10.2;
					};
					0D68C32422C3810600FD6CA9 = {
						CreatedOnToolsVersion = 10.2;
						TestTargetID = 0D68C31022C3810300FD6CA9;
					};
					0D68C32F22C3810600FD6CA9 = {
						CreatedOnToolsVersion = 10.2;
						TestTargetID = 0D68C31022C3810300FD6CA9;
					};
				};
			};
			buildConfigurationList = 0D68C30C22C3810300FD6CA9 /* Build configuration list for PBXProject "Rubi" */;
			compatibilityVersion = "Xcode 9.3";
			developmentRegion = en;
			hasScannedForEncodings = 0;
			knownRegions = (
				en,
				Base,
			);
			mainGroup = 0D68C30822C3810300FD6CA9;
			productRefGroup = 0D68C31222C3810300FD6CA9 /* Products */;
			projectDirPath = "";
			projectRoot = "";
			targets = (
				0D68C31022C3810300FD6CA9 /* Rubi */,
				0D68C32422C3810600FD6CA9 /* RubiTests */,
				0D68C32F22C3810600FD6CA9 /* RubiUITests */,
			);
		};
/* End PBXProject section */

/* Begin PBXResourcesBuildPhase section */
		0D68C30F22C3810300FD6CA9 /* Resources */ = {
			isa = PBXResourcesBuildPhase;
			buildActionMask = 2147483647;
			files = (
				0D582A1122C381F0009BFC1A /* RubiViewController.xib in Resources */,
				0D582A1E22C505D1009BFC1A /* RubiTableViewCell.xib in Resources */,
				49AD8BD1236426D000217869 /* tessdata in Resources */,
				0DB9E029235F55E800CF6004 /* ImageRecognitionViewController.xib in Resources */,
				0D68318F235E958F007858CD /* microphone.json in Resources */,
				0D925817235E8CE100B7A728 /* lo.json in Resources */,
				0DB9E02E235F572900CF6004 /* HandritingRecognitionViewController.xib in Resources */,
				0D582A2B22C666C5009BFC1A /* FavoriteViewController.xib in Resources */,
				0D68C31F22C3810600FD6CA9 /* LaunchScreen.storyboard in Resources */,
				0D68C31C22C3810600FD6CA9 /* Assets.xcassets in Resources */,
				0D020347235CA96C0044745B /* RecordingViewController.xib in Resources */,
				0D68C31A22C3810300FD6CA9 /* Main.storyboard in Resources */,
			);
			runOnlyForDeploymentPostprocessing = 0;
		};
		0D68C32322C3810600FD6CA9 /* Resources */ = {
			isa = PBXResourcesBuildPhase;
			buildActionMask = 2147483647;
			files = (
			);
			runOnlyForDeploymentPostprocessing = 0;
		};
		0D68C32E22C3810600FD6CA9 /* Resources */ = {
			isa = PBXResourcesBuildPhase;
			buildActionMask = 2147483647;
			files = (
			);
			runOnlyForDeploymentPostprocessing = 0;
		};
/* End PBXResourcesBuildPhase section */

/* Begin PBXShellScriptBuildPhase section */
		2202742663552DADA9DDCD93 /* [CP] Check Pods Manifest.lock */ = {
			isa = PBXShellScriptBuildPhase;
			buildActionMask = 2147483647;
			files = (
			);
			inputFileListPaths = (
			);
			inputPaths = (
				"${PODS_PODFILE_DIR_PATH}/Podfile.lock",
				"${PODS_ROOT}/Manifest.lock",
			);
			name = "[CP] Check Pods Manifest.lock";
			outputFileListPaths = (
			);
			outputPaths = (
				"$(DERIVED_FILE_DIR)/Pods-RubiUITests-checkManifestLockResult.txt",
			);
			runOnlyForDeploymentPostprocessing = 0;
			shellPath = /bin/sh;
			shellScript = "diff \"${PODS_PODFILE_DIR_PATH}/Podfile.lock\" \"${PODS_ROOT}/Manifest.lock\" > /dev/null\nif [ $? != 0 ] ; then\n    # print error to STDERR\n    echo \"error: The sandbox is not in sync with the Podfile.lock. Run 'pod install' or update your CocoaPods installation.\" >&2\n    exit 1\nfi\n# This output is used by Xcode 'outputs' to avoid re-running this script phase.\necho \"SUCCESS\" > \"${SCRIPT_OUTPUT_FILE_0}\"\n";
			showEnvVarsInLog = 0;
		};
		9B33AB375C0729056432657E /* [CP] Check Pods Manifest.lock */ = {
			isa = PBXShellScriptBuildPhase;
			buildActionMask = 2147483647;
			files = (
			);
			inputFileListPaths = (
			);
			inputPaths = (
				"${PODS_PODFILE_DIR_PATH}/Podfile.lock",
				"${PODS_ROOT}/Manifest.lock",
			);
			name = "[CP] Check Pods Manifest.lock";
			outputFileListPaths = (
			);
			outputPaths = (
				"$(DERIVED_FILE_DIR)/Pods-RubiTests-checkManifestLockResult.txt",
			);
			runOnlyForDeploymentPostprocessing = 0;
			shellPath = /bin/sh;
			shellScript = "diff \"${PODS_PODFILE_DIR_PATH}/Podfile.lock\" \"${PODS_ROOT}/Manifest.lock\" > /dev/null\nif [ $? != 0 ] ; then\n    # print error to STDERR\n    echo \"error: The sandbox is not in sync with the Podfile.lock. Run 'pod install' or update your CocoaPods installation.\" >&2\n    exit 1\nfi\n# This output is used by Xcode 'outputs' to avoid re-running this script phase.\necho \"SUCCESS\" > \"${SCRIPT_OUTPUT_FILE_0}\"\n";
			showEnvVarsInLog = 0;
		};
		B6E2D610FC38EBBE11384E3F /* [CP] Check Pods Manifest.lock */ = {
			isa = PBXShellScriptBuildPhase;
			buildActionMask = 2147483647;
			files = (
			);
			inputFileListPaths = (
			);
			inputPaths = (
				"${PODS_PODFILE_DIR_PATH}/Podfile.lock",
				"${PODS_ROOT}/Manifest.lock",
			);
			name = "[CP] Check Pods Manifest.lock";
			outputFileListPaths = (
			);
			outputPaths = (
				"$(DERIVED_FILE_DIR)/Pods-Rubi-checkManifestLockResult.txt",
			);
			runOnlyForDeploymentPostprocessing = 0;
			shellPath = /bin/sh;
			shellScript = "diff \"${PODS_PODFILE_DIR_PATH}/Podfile.lock\" \"${PODS_ROOT}/Manifest.lock\" > /dev/null\nif [ $? != 0 ] ; then\n    # print error to STDERR\n    echo \"error: The sandbox is not in sync with the Podfile.lock. Run 'pod install' or update your CocoaPods installation.\" >&2\n    exit 1\nfi\n# This output is used by Xcode 'outputs' to avoid re-running this script phase.\necho \"SUCCESS\" > \"${SCRIPT_OUTPUT_FILE_0}\"\n";
			showEnvVarsInLog = 0;
		};
		DF0A331952519317CEFB4763 /* [CP] Embed Pods Frameworks */ = {
			isa = PBXShellScriptBuildPhase;
			buildActionMask = 2147483647;
			files = (
			);
			inputFileListPaths = (
				"${PODS_ROOT}/Target Support Files/Pods-Rubi/Pods-Rubi-frameworks-${CONFIGURATION}-input-files.xcfilelist",
			);
			name = "[CP] Embed Pods Frameworks";
			outputFileListPaths = (
				"${PODS_ROOT}/Target Support Files/Pods-Rubi/Pods-Rubi-frameworks-${CONFIGURATION}-output-files.xcfilelist",
			);
			runOnlyForDeploymentPostprocessing = 0;
			shellPath = /bin/sh;
			shellScript = "\"${PODS_ROOT}/Target Support Files/Pods-Rubi/Pods-Rubi-frameworks.sh\"\n";
			showEnvVarsInLog = 0;
		};
/* End PBXShellScriptBuildPhase section */

/* Begin PBXSourcesBuildPhase section */
		0D68C30D22C3810300FD6CA9 /* Sources */ = {
			isa = PBXSourcesBuildPhase;
			buildActionMask = 2147483647;
			files = (
				0DB9E028235F55E800CF6004 /* ImageRecognitionViewController.swift in Sources */,
				0D582A2F22C7650F009BFC1A /* Swift+Addition.swift in Sources */,
				49AD8BD9236429E000217869 /* RubiEntity.swift in Sources */,
				0D582A2A22C666C5009BFC1A /* FavoriteViewController.swift in Sources */,
				0D582A1322C3833B009BFC1A /* RubiPresenter.swift in Sources */,
				49AD8BDB23642A2A00217869 /* Utils.swift in Sources */,
				0D582A1922C4E5EE009BFC1A /* Rubi.swift in Sources */,
				0D582A1522C3836F009BFC1A /* RubiModel.swift in Sources */,
				0D020349235CA98F0044745B /* RecordingPresentor.swift in Sources */,
				0D020346235CA96C0044745B /* RecordingViewController.swift in Sources */,
				0D582A3322C79B30009BFC1A /* FavoriteModel.swift in Sources */,
				0D582A3122C79B24009BFC1A /* FavoritePresenter.swift in Sources */,
				0D582A1D22C505D1009BFC1A /* RubiTableViewCell.swift in Sources */,
				0D582A1722C4E2EC009BFC1A /* Constant.swift in Sources */,
				0D582A2622C6667D009BFC1A /* TabController.swift in Sources */,
				0D68C31522C3810300FD6CA9 /* AppDelegate.swift in Sources */,
				0D622EC52363F75F00BCEB08 /* ImageRecognitionPresentor.swift in Sources */,
				49AD8BCF236425C500217869 /* ImageRecognitionModel.swift in Sources */,
				0D582A1022C381F0009BFC1A /* RubiViewController.swift in Sources */,
				0DB9E02D235F572900CF6004 /* HandritingRecognitionViewController.swift in Sources */,
				0D582A2122C50787009BFC1A /* UITableView+Addition.swift in Sources */,
				0D02034B235CA9C80044745B /* RecordingModel.swift in Sources */,
				0D582A3522C86D06009BFC1A /* UIViewController+Addition.swift in Sources */,
				0D582A2322C507E1009BFC1A /* NSObject+Addition.swift in Sources */,
				0564281122C9B8F800455D53 /* UINavigationController+Addition.swift in Sources */,
			);
			runOnlyForDeploymentPostprocessing = 0;
		};
		0D68C32122C3810600FD6CA9 /* Sources */ = {
			isa = PBXSourcesBuildPhase;
			buildActionMask = 2147483647;
			files = (
				0D68C32A22C3810600FD6CA9 /* RubiTests.swift in Sources */,
			);
			runOnlyForDeploymentPostprocessing = 0;
		};
		0D68C32C22C3810600FD6CA9 /* Sources */ = {
			isa = PBXSourcesBuildPhase;
			buildActionMask = 2147483647;
			files = (
				0D68C33522C3810600FD6CA9 /* RubiUITests.swift in Sources */,
			);
			runOnlyForDeploymentPostprocessing = 0;
		};
/* End PBXSourcesBuildPhase section */

/* Begin PBXTargetDependency section */
		0D68C32722C3810600FD6CA9 /* PBXTargetDependency */ = {
			isa = PBXTargetDependency;
			target = 0D68C31022C3810300FD6CA9 /* Rubi */;
			targetProxy = 0D68C32622C3810600FD6CA9 /* PBXContainerItemProxy */;
		};
		0D68C33222C3810600FD6CA9 /* PBXTargetDependency */ = {
			isa = PBXTargetDependency;
			target = 0D68C31022C3810300FD6CA9 /* Rubi */;
			targetProxy = 0D68C33122C3810600FD6CA9 /* PBXContainerItemProxy */;
		};
/* End PBXTargetDependency section */

/* Begin PBXVariantGroup section */
		0D68C31822C3810300FD6CA9 /* Main.storyboard */ = {
			isa = PBXVariantGroup;
			children = (
				0D68C31922C3810300FD6CA9 /* Base */,
			);
			name = Main.storyboard;
			sourceTree = "<group>";
		};
		0D68C31D22C3810600FD6CA9 /* LaunchScreen.storyboard */ = {
			isa = PBXVariantGroup;
			children = (
				0D68C31E22C3810600FD6CA9 /* Base */,
			);
			name = LaunchScreen.storyboard;
			sourceTree = "<group>";
		};
/* End PBXVariantGroup section */

/* Begin XCBuildConfiguration section */
		0D68C33722C3810600FD6CA9 /* Debug */ = {
			isa = XCBuildConfiguration;
			buildSettings = {
				ALWAYS_SEARCH_USER_PATHS = NO;
				CLANG_ANALYZER_NONNULL = YES;
				CLANG_ANALYZER_NUMBER_OBJECT_CONVERSION = YES_AGGRESSIVE;
				CLANG_CXX_LANGUAGE_STANDARD = "gnu++14";
				CLANG_CXX_LIBRARY = "libc++";
				CLANG_ENABLE_MODULES = YES;
				CLANG_ENABLE_OBJC_ARC = YES;
				CLANG_ENABLE_OBJC_WEAK = YES;
				CLANG_WARN_BLOCK_CAPTURE_AUTORELEASING = YES;
				CLANG_WARN_BOOL_CONVERSION = YES;
				CLANG_WARN_COMMA = YES;
				CLANG_WARN_CONSTANT_CONVERSION = YES;
				CLANG_WARN_DEPRECATED_OBJC_IMPLEMENTATIONS = YES;
				CLANG_WARN_DIRECT_OBJC_ISA_USAGE = YES_ERROR;
				CLANG_WARN_DOCUMENTATION_COMMENTS = YES;
				CLANG_WARN_EMPTY_BODY = YES;
				CLANG_WARN_ENUM_CONVERSION = YES;
				CLANG_WARN_INFINITE_RECURSION = YES;
				CLANG_WARN_INT_CONVERSION = YES;
				CLANG_WARN_NON_LITERAL_NULL_CONVERSION = YES;
				CLANG_WARN_OBJC_IMPLICIT_RETAIN_SELF = YES;
				CLANG_WARN_OBJC_LITERAL_CONVERSION = YES;
				CLANG_WARN_OBJC_ROOT_CLASS = YES_ERROR;
				CLANG_WARN_RANGE_LOOP_ANALYSIS = YES;
				CLANG_WARN_STRICT_PROTOTYPES = YES;
				CLANG_WARN_SUSPICIOUS_MOVE = YES;
				CLANG_WARN_UNGUARDED_AVAILABILITY = YES_AGGRESSIVE;
				CLANG_WARN_UNREACHABLE_CODE = YES;
				CLANG_WARN__DUPLICATE_METHOD_MATCH = YES;
				CODE_SIGN_IDENTITY = "iPhone Developer";
				COPY_PHASE_STRIP = NO;
				DEBUG_INFORMATION_FORMAT = dwarf;
				ENABLE_STRICT_OBJC_MSGSEND = YES;
				ENABLE_TESTABILITY = YES;
				GCC_C_LANGUAGE_STANDARD = gnu11;
				GCC_DYNAMIC_NO_PIC = NO;
				GCC_NO_COMMON_BLOCKS = YES;
				GCC_OPTIMIZATION_LEVEL = 0;
				GCC_PREPROCESSOR_DEFINITIONS = (
					"DEBUG=1",
					"$(inherited)",
				);
				GCC_WARN_64_TO_32_BIT_CONVERSION = YES;
				GCC_WARN_ABOUT_RETURN_TYPE = YES_ERROR;
				GCC_WARN_UNDECLARED_SELECTOR = YES;
				GCC_WARN_UNINITIALIZED_AUTOS = YES_AGGRESSIVE;
				GCC_WARN_UNUSED_FUNCTION = YES;
				GCC_WARN_UNUSED_VARIABLE = YES;
				IPHONEOS_DEPLOYMENT_TARGET = 12.2;
				MTL_ENABLE_DEBUG_INFO = INCLUDE_SOURCE;
				MTL_FAST_MATH = YES;
				ONLY_ACTIVE_ARCH = YES;
				SDKROOT = iphoneos;
				SWIFT_ACTIVE_COMPILATION_CONDITIONS = DEBUG;
				SWIFT_OPTIMIZATION_LEVEL = "-Onone";
			};
			name = Debug;
		};
		0D68C33822C3810600FD6CA9 /* Release */ = {
			isa = XCBuildConfiguration;
			buildSettings = {
				ALWAYS_SEARCH_USER_PATHS = NO;
				CLANG_ANALYZER_NONNULL = YES;
				CLANG_ANALYZER_NUMBER_OBJECT_CONVERSION = YES_AGGRESSIVE;
				CLANG_CXX_LANGUAGE_STANDARD = "gnu++14";
				CLANG_CXX_LIBRARY = "libc++";
				CLANG_ENABLE_MODULES = YES;
				CLANG_ENABLE_OBJC_ARC = YES;
				CLANG_ENABLE_OBJC_WEAK = YES;
				CLANG_WARN_BLOCK_CAPTURE_AUTORELEASING = YES;
				CLANG_WARN_BOOL_CONVERSION = YES;
				CLANG_WARN_COMMA = YES;
				CLANG_WARN_CONSTANT_CONVERSION = YES;
				CLANG_WARN_DEPRECATED_OBJC_IMPLEMENTATIONS = YES;
				CLANG_WARN_DIRECT_OBJC_ISA_USAGE = YES_ERROR;
				CLANG_WARN_DOCUMENTATION_COMMENTS = YES;
				CLANG_WARN_EMPTY_BODY = YES;
				CLANG_WARN_ENUM_CONVERSION = YES;
				CLANG_WARN_INFINITE_RECURSION = YES;
				CLANG_WARN_INT_CONVERSION = YES;
				CLANG_WARN_NON_LITERAL_NULL_CONVERSION = YES;
				CLANG_WARN_OBJC_IMPLICIT_RETAIN_SELF = YES;
				CLANG_WARN_OBJC_LITERAL_CONVERSION = YES;
				CLANG_WARN_OBJC_ROOT_CLASS = YES_ERROR;
				CLANG_WARN_RANGE_LOOP_ANALYSIS = YES;
				CLANG_WARN_STRICT_PROTOTYPES = YES;
				CLANG_WARN_SUSPICIOUS_MOVE = YES;
				CLANG_WARN_UNGUARDED_AVAILABILITY = YES_AGGRESSIVE;
				CLANG_WARN_UNREACHABLE_CODE = YES;
				CLANG_WARN__DUPLICATE_METHOD_MATCH = YES;
				CODE_SIGN_IDENTITY = "iPhone Developer";
				COPY_PHASE_STRIP = NO;
				DEBUG_INFORMATION_FORMAT = "dwarf-with-dsym";
				ENABLE_NS_ASSERTIONS = NO;
				ENABLE_STRICT_OBJC_MSGSEND = YES;
				GCC_C_LANGUAGE_STANDARD = gnu11;
				GCC_NO_COMMON_BLOCKS = YES;
				GCC_WARN_64_TO_32_BIT_CONVERSION = YES;
				GCC_WARN_ABOUT_RETURN_TYPE = YES_ERROR;
				GCC_WARN_UNDECLARED_SELECTOR = YES;
				GCC_WARN_UNINITIALIZED_AUTOS = YES_AGGRESSIVE;
				GCC_WARN_UNUSED_FUNCTION = YES;
				GCC_WARN_UNUSED_VARIABLE = YES;
				IPHONEOS_DEPLOYMENT_TARGET = 12.2;
				MTL_ENABLE_DEBUG_INFO = NO;
				MTL_FAST_MATH = YES;
				SDKROOT = iphoneos;
				SWIFT_COMPILATION_MODE = wholemodule;
				SWIFT_OPTIMIZATION_LEVEL = "-O";
				VALIDATE_PRODUCT = YES;
			};
			name = Release;
		};
		0D68C33A22C3810600FD6CA9 /* Debug */ = {
			isa = XCBuildConfiguration;
			baseConfigurationReference = 6173FB8953D2CF1D8ADE6044 /* Pods-Rubi.debug.xcconfig */;
			buildSettings = {
				ASSETCATALOG_COMPILER_APPICON_NAME = AppIcon;
				CODE_SIGN_STYLE = Automatic;
				CURRENT_PROJECT_VERSION = 3;
				DEVELOPMENT_TEAM = 24BSY9Z4H5;
				INFOPLIST_FILE = Rubi/Info.plist;
				LD_RUNPATH_SEARCH_PATHS = (
					"$(inherited)",
					"@executable_path/Frameworks",
				);
				MARKETING_VERSION = 1.1.0;
				PRODUCT_BUNDLE_IDENTIFIER = harumidiv.Rubi;
				PRODUCT_NAME = "$(TARGET_NAME)";
				SWIFT_VERSION = 5.0;
				TARGETED_DEVICE_FAMILY = "1,2";
			};
			name = Debug;
		};
		0D68C33B22C3810600FD6CA9 /* Release */ = {
			isa = XCBuildConfiguration;
			baseConfigurationReference = 7822E0F232AF4D97D5B06BC1 /* Pods-Rubi.release.xcconfig */;
			buildSettings = {
				ASSETCATALOG_COMPILER_APPICON_NAME = AppIcon;
				CODE_SIGN_STYLE = Automatic;
				CURRENT_PROJECT_VERSION = 3;
				DEVELOPMENT_TEAM = 24BSY9Z4H5;
				INFOPLIST_FILE = Rubi/Info.plist;
				LD_RUNPATH_SEARCH_PATHS = (
					"$(inherited)",
					"@executable_path/Frameworks",
				);
				MARKETING_VERSION = 1.1.0;
				PRODUCT_BUNDLE_IDENTIFIER = harumidiv.Rubi;
				PRODUCT_NAME = "$(TARGET_NAME)";
				SWIFT_VERSION = 5.0;
				TARGETED_DEVICE_FAMILY = "1,2";
			};
			name = Release;
		};
		0D68C33D22C3810600FD6CA9 /* Debug */ = {
			isa = XCBuildConfiguration;
			baseConfigurationReference = FF344368CE5582330328A205 /* Pods-RubiTests.debug.xcconfig */;
			buildSettings = {
				ALWAYS_EMBED_SWIFT_STANDARD_LIBRARIES = YES;
				BUNDLE_LOADER = "$(TEST_HOST)";
				CODE_SIGN_STYLE = Automatic;
				DEVELOPMENT_TEAM = 24BSY9Z4H5;
				INFOPLIST_FILE = RubiTests/Info.plist;
				LD_RUNPATH_SEARCH_PATHS = (
					"$(inherited)",
					"@executable_path/Frameworks",
					"@loader_path/Frameworks",
				);
				PRODUCT_BUNDLE_IDENTIFIER = harumidiv.RubiTests;
				PRODUCT_NAME = "$(TARGET_NAME)";
				SWIFT_VERSION = 5.0;
				TARGETED_DEVICE_FAMILY = "1,2";
				TEST_HOST = "$(BUILT_PRODUCTS_DIR)/Rubi.app/Rubi";
			};
			name = Debug;
		};
		0D68C33E22C3810600FD6CA9 /* Release */ = {
			isa = XCBuildConfiguration;
			baseConfigurationReference = 039EAE578B83F98C2E14DE86 /* Pods-RubiTests.release.xcconfig */;
			buildSettings = {
				ALWAYS_EMBED_SWIFT_STANDARD_LIBRARIES = YES;
				BUNDLE_LOADER = "$(TEST_HOST)";
				CODE_SIGN_STYLE = Automatic;
				DEVELOPMENT_TEAM = 24BSY9Z4H5;
				INFOPLIST_FILE = RubiTests/Info.plist;
				LD_RUNPATH_SEARCH_PATHS = (
					"$(inherited)",
					"@executable_path/Frameworks",
					"@loader_path/Frameworks",
				);
				PRODUCT_BUNDLE_IDENTIFIER = harumidiv.RubiTests;
				PRODUCT_NAME = "$(TARGET_NAME)";
				SWIFT_VERSION = 5.0;
				TARGETED_DEVICE_FAMILY = "1,2";
				TEST_HOST = "$(BUILT_PRODUCTS_DIR)/Rubi.app/Rubi";
			};
			name = Release;
		};
		0D68C34022C3810600FD6CA9 /* Debug */ = {
			isa = XCBuildConfiguration;
			baseConfigurationReference = 969CB13EFC639FDF6CDD697F /* Pods-RubiUITests.debug.xcconfig */;
			buildSettings = {
				ALWAYS_EMBED_SWIFT_STANDARD_LIBRARIES = YES;
				CODE_SIGN_STYLE = Automatic;
				DEVELOPMENT_TEAM = 24BSY9Z4H5;
				INFOPLIST_FILE = RubiUITests/Info.plist;
				LD_RUNPATH_SEARCH_PATHS = (
					"$(inherited)",
					"@executable_path/Frameworks",
					"@loader_path/Frameworks",
				);
				PRODUCT_BUNDLE_IDENTIFIER = harumidiv.RubiUITests;
				PRODUCT_NAME = "$(TARGET_NAME)";
				SWIFT_VERSION = 5.0;
				TARGETED_DEVICE_FAMILY = "1,2";
				TEST_TARGET_NAME = Rubi;
			};
			name = Debug;
		};
		0D68C34122C3810600FD6CA9 /* Release */ = {
			isa = XCBuildConfiguration;
			baseConfigurationReference = 38451C233303D432530ED683 /* Pods-RubiUITests.release.xcconfig */;
			buildSettings = {
				ALWAYS_EMBED_SWIFT_STANDARD_LIBRARIES = YES;
				CODE_SIGN_STYLE = Automatic;
				DEVELOPMENT_TEAM = 24BSY9Z4H5;
				INFOPLIST_FILE = RubiUITests/Info.plist;
				LD_RUNPATH_SEARCH_PATHS = (
					"$(inherited)",
					"@executable_path/Frameworks",
					"@loader_path/Frameworks",
				);
				PRODUCT_BUNDLE_IDENTIFIER = harumidiv.RubiUITests;
				PRODUCT_NAME = "$(TARGET_NAME)";
				SWIFT_VERSION = 5.0;
				TARGETED_DEVICE_FAMILY = "1,2";
				TEST_TARGET_NAME = Rubi;
			};
			name = Release;
		};
/* End XCBuildConfiguration section */

/* Begin XCConfigurationList section */
		0D68C30C22C3810300FD6CA9 /* Build configuration list for PBXProject "Rubi" */ = {
			isa = XCConfigurationList;
			buildConfigurations = (
				0D68C33722C3810600FD6CA9 /* Debug */,
				0D68C33822C3810600FD6CA9 /* Release */,
			);
			defaultConfigurationIsVisible = 0;
			defaultConfigurationName = Release;
		};
		0D68C33922C3810600FD6CA9 /* Build configuration list for PBXNativeTarget "Rubi" */ = {
			isa = XCConfigurationList;
			buildConfigurations = (
				0D68C33A22C3810600FD6CA9 /* Debug */,
				0D68C33B22C3810600FD6CA9 /* Release */,
			);
			defaultConfigurationIsVisible = 0;
			defaultConfigurationName = Release;
		};
		0D68C33C22C3810600FD6CA9 /* Build configuration list for PBXNativeTarget "RubiTests" */ = {
			isa = XCConfigurationList;
			buildConfigurations = (
				0D68C33D22C3810600FD6CA9 /* Debug */,
				0D68C33E22C3810600FD6CA9 /* Release */,
			);
			defaultConfigurationIsVisible = 0;
			defaultConfigurationName = Release;
		};
		0D68C33F22C3810600FD6CA9 /* Build configuration list for PBXNativeTarget "RubiUITests" */ = {
			isa = XCConfigurationList;
			buildConfigurations = (
				0D68C34022C3810600FD6CA9 /* Debug */,
				0D68C34122C3810600FD6CA9 /* Release */,
			);
			defaultConfigurationIsVisible = 0;
			defaultConfigurationName = Release;
		};
/* End XCConfigurationList section */
	};
	rootObject = 0D68C30922C3810300FD6CA9 /* Project object */;
}
